
Microsoft Visual Studio Solution File, Format Version 12.00
# Visual Studio Express 2013 for Windows Desktop
VisualStudioVersion = 12.0.40629.0
MinimumVisualStudioVersion = 10.0.40219.1
Project("{F184B08F-C81C-45F6-A57F-5ABD9991F28F}") = "PasswordCrackCalculator", "PasswordCrackCalculator.vbproj", "{82D53AD3-84E9-4362-B8E9-7B248C6B678E}"
EndProject
Project("{F184B08F-C81C-45F6-A57F-5ABD9991F28F}") = "Unit Test Project", "Unit Test Project\Unit Test Project.vbproj", "{5598BCBF-6AD2-4925-9709-138862254485}"
EndProject
Global
	GlobalSection(SolutionConfigurationPlatforms) = preSolution
		Debug|Any CPU = Debug|Any CPU
		Release|Any CPU = Release|Any CPU
	EndGlobalSection
	GlobalSection(ProjectConfigurationPlatforms) = postSolution
		{82D53AD3-84E9-4362-B8E9-7B248C6B678E}.Debug|Any CPU.ActiveCfg = Debug|Any CPU
		{82D53AD3-84E9-4362-B8E9-7B248C6B678E}.Debug|Any CPU.Build.0 = Debug|Any CPU
		{82D53AD3-84E9-4362-B8E9-7B248C6B678E}.Release|Any CPU.ActiveCfg = Release|Any CPU
		{82D53AD3-84E9-4362-B8E9-7B248C6B678E}.Release|Any CPU.Build.0 = Release|Any CPU
		{5598BCBF-6AD2-4925-9709-138862254485}.Debug|Any CPU.ActiveCfg = Debug|Any CPU
		{5598BCBF-6AD2-4925-9709-138862254485}.Debug|Any CPU.Build.0 = Debug|Any CPU
		{5598BCBF-6AD2-4925-9709-138862254485}.Release|Any CPU.ActiveCfg = Release|Any CPU
		{5598BCBF-6AD2-4925-9709-138862254485}.Release|Any CPU.Build.0 = Release|Any CPU
	EndGlobalSection
	GlobalSection(SolutionProperties) = preSolution
		HideSolutionNode = FALSE
	EndGlobalSection
EndGlobal
